
Microsoft Visual Studio Solution File, Format Version 12.00
# Visual Studio 15
VisualStudioVersion = 15.0.26730.16
MinimumVisualStudioVersion = 10.0.40219.1
Project("{FAE04EC0-301F-11D3-BF4B-00C04F79EFBC}") = "guiaevaluacion2", "guiaevaluacion2\guiaevaluacion2.csproj", "{AD32B831-AAE2-436E-BD72-79A1DA97888C}"
EndProject
Global
	GlobalSection(SolutionConfigurationPlatforms) = preSolution
		Debug|Any CPU = Debug|Any CPU
		Release|Any CPU = Release|Any CPU
	EndGlobalSection
	GlobalSection(ProjectConfigurationPlatforms) = postSolution
		{AD32B831-AAE2-436E-BD72-79A1DA97888C}.Debug|Any CPU.ActiveCfg = Debug|Any CPU
		{AD32B831-AAE2-436E-BD72-79A1DA97888C}.Debug|Any CPU.Build.0 = Debug|Any CPU
		{AD32B831-AAE2-436E-BD72-79A1DA97888C}.Release|Any CPU.ActiveCfg = Release|Any CPU
		{AD32B831-AAE2-436E-BD72-79A1DA97888C}.Release|Any CPU.Build.0 = Release|Any CPU
	EndGlobalSection
	GlobalSection(SolutionProperties) = preSolution
		HideSolutionNode = FALSE
	EndGlobalSection
	GlobalSection(ExtensibilityGlobals) = postSolution
		SolutionGuid = {22489286-4490-488E-A07D-A020F6C454D6}
	EndGlobalSection
EndGlobal
